// !$*UTF8*$!
{
	archiveVersion = 1;
	classes = {
	};
	objectVersion = 56;
	objects = {

/* Begin PBXBuildFile section */
		14377D4F29F84B50006904C2 /* Workout.swift in Sources */ = {isa = PBXBuildFile; fileRef = 14377D4E29F84B50006904C2 /* Workout.swift */; };
		14B80CA32A0C081F000EA8BA /* mapViewController.swift in Sources */ = {isa = PBXBuildFile; fileRef = 14B80CA22A0C081F000EA8BA /* mapViewController.swift */; };
		3F0467D529F998850045A2DB /* Item1.swift in Sources */ = {isa = PBXBuildFile; fileRef = 3F0467D429F998850045A2DB /* Item1.swift */; };
		3FD7334729F99E3900285FB3 /* WorkoutTable.swift in Sources */ = {isa = PBXBuildFile; fileRef = 3FD7334629F99E3900285FB3 /* WorkoutTable.swift */; };
		3FD7334929FC80BD00285FB3 /* WorkoutTableViewCell.swift in Sources */ = {isa = PBXBuildFile; fileRef = 3FD7334829FC80BD00285FB3 /* WorkoutTableViewCell.swift */; };
		C8C6168429F6FB33002C5000 /* AppDelegate.swift in Sources */ = {isa = PBXBuildFile; fileRef = C8C6168329F6FB33002C5000 /* AppDelegate.swift */; };
		C8C6168629F6FB33002C5000 /* SceneDelegate.swift in Sources */ = {isa = PBXBuildFile; fileRef = C8C6168529F6FB33002C5000 /* SceneDelegate.swift */; };
		C8C6168829F6FB33002C5000 /* ViewController.swift in Sources */ = {isa = PBXBuildFile; fileRef = C8C6168729F6FB33002C5000 /* ViewController.swift */; };
		C8C6168B29F6FB33002C5000 /* Main.storyboard in Resources */ = {isa = PBXBuildFile; fileRef = C8C6168929F6FB33002C5000 /* Main.storyboard */; };
		C8C6168E29F6FB33002C5000 /* Curre.xcdatamodeld in Sources */ = {isa = PBXBuildFile; fileRef = C8C6168C29F6FB33002C5000 /* Curre.xcdatamodeld */; };
		C8C6169029F6FB34002C5000 /* Assets.xcassets in Resources */ = {isa = PBXBuildFile; fileRef = C8C6168F29F6FB34002C5000 /* Assets.xcassets */; };
		C8C6169329F6FB34002C5000 /* LaunchScreen.storyboard in Resources */ = {isa = PBXBuildFile; fileRef = C8C6169129F6FB34002C5000 /* LaunchScreen.storyboard */; };
/* End PBXBuildFile section */

/* Begin PBXFileReference section */
		14377D4E29F84B50006904C2 /* Workout.swift */ = {isa = PBXFileReference; lastKnownFileType = sourcecode.swift; path = Workout.swift; sourceTree = "<group>"; };
		14B80CA22A0C081F000EA8BA /* mapViewController.swift */ = {isa = PBXFileReference; lastKnownFileType = sourcecode.swift; path = mapViewController.swift; sourceTree = "<group>"; };
		3F0467D429F998850045A2DB /* Item1.swift */ = {isa = PBXFileReference; lastKnownFileType = sourcecode.swift; path = Item1.swift; sourceTree = "<group>"; };
		3FD7334629F99E3900285FB3 /* WorkoutTable.swift */ = {isa = PBXFileReference; lastKnownFileType = sourcecode.swift; path = WorkoutTable.swift; sourceTree = "<group>"; };
		3FD7334829FC80BD00285FB3 /* WorkoutTableViewCell.swift */ = {isa = PBXFileReference; lastKnownFileType = sourcecode.swift; path = WorkoutTableViewCell.swift; sourceTree = "<group>"; };
		C8C6168029F6FB33002C5000 /* Curre.app */ = {isa = PBXFileReference; explicitFileType = wrapper.application; includeInIndex = 0; path = Curre.app; sourceTree = BUILT_PRODUCTS_DIR; };
		C8C6168329F6FB33002C5000 /* AppDelegate.swift */ = {isa = PBXFileReference; lastKnownFileType = sourcecode.swift; path = AppDelegate.swift; sourceTree = "<group>"; };
		C8C6168529F6FB33002C5000 /* SceneDelegate.swift */ = {isa = PBXFileReference; lastKnownFileType = sourcecode.swift; path = SceneDelegate.swift; sourceTree = "<group>"; };
		C8C6168729F6FB33002C5000 /* ViewController.swift */ = {isa = PBXFileReference; lastKnownFileType = sourcecode.swift; path = ViewController.swift; sourceTree = "<group>"; };
		C8C6168A29F6FB33002C5000 /* Base */ = {isa = PBXFileReference; lastKnownFileType = file.storyboard; name = Base; path = Base.lproj/Main.storyboard; sourceTree = "<group>"; };
		C8C6168D29F6FB33002C5000 /* Curre.xcdatamodel */ = {isa = PBXFileReference; lastKnownFileType = wrapper.xcdatamodel; path = Curre.xcdatamodel; sourceTree = "<group>"; };
		C8C6168F29F6FB34002C5000 /* Assets.xcassets */ = {isa = PBXFileReference; lastKnownFileType = folder.assetcatalog; path = Assets.xcassets; sourceTree = "<group>"; };
		C8C6169229F6FB34002C5000 /* Base */ = {isa = PBXFileReference; lastKnownFileType = file.storyboard; name = Base; path = Base.lproj/LaunchScreen.storyboard; sourceTree = "<group>"; };
		C8C6169429F6FB34002C5000 /* Info.plist */ = {isa = PBXFileReference; lastKnownFileType = text.plist.xml; path = Info.plist; sourceTree = "<group>"; };
/* End PBXFileReference section */

/* Begin PBXFrameworksBuildPhase section */
		C8C6167D29F6FB33002C5000 /* Frameworks */ = {
			isa = PBXFrameworksBuildPhase;
			buildActionMask = 2147483647;
			files = (
			);
			runOnlyForDeploymentPostprocessing = 0;
		};
/* End PBXFrameworksBuildPhase section */

/* Begin PBXGroup section */
		C8C6167729F6FB33002C5000 = {
			isa = PBXGroup;
			children = (
				C8C6168229F6FB33002C5000 /* Curre */,
				C8C6168129F6FB33002C5000 /* Products */,
			);
			sourceTree = "<group>";
		};
		C8C6168129F6FB33002C5000 /* Products */ = {
			isa = PBXGroup;
			children = (
				C8C6168029F6FB33002C5000 /* Curre.app */,
			);
			name = Products;
			sourceTree = "<group>";
		};
		C8C6168229F6FB33002C5000 /* Curre */ = {
			isa = PBXGroup;
			children = (
				C8C6168329F6FB33002C5000 /* AppDelegate.swift */,
				C8C6168529F6FB33002C5000 /* SceneDelegate.swift */,
				14377D4E29F84B50006904C2 /* Workout.swift */,
				3F0467D429F998850045A2DB /* Item1.swift */,
				3FD7334629F99E3900285FB3 /* WorkoutTable.swift */,
				C8C6168729F6FB33002C5000 /* ViewController.swift */,
				14B80CA22A0C081F000EA8BA /* mapViewController.swift */,
				C8C6168929F6FB33002C5000 /* Main.storyboard */,
				C8C6168F29F6FB34002C5000 /* Assets.xcassets */,
				C8C6169129F6FB34002C5000 /* LaunchScreen.storyboard */,
				C8C6169429F6FB34002C5000 /* Info.plist */,
				C8C6168C29F6FB33002C5000 /* Curre.xcdatamodeld */,
				3FD7334829FC80BD00285FB3 /* WorkoutTableViewCell.swift */,
			);
			path = Curre;
			sourceTree = "<group>";
		};
/* End PBXGroup section */

/* Begin PBXNativeTarget section */
		C8C6167F29F6FB33002C5000 /* Curre */ = {
			isa = PBXNativeTarget;
			buildConfigurationList = C8C6169729F6FB34002C5000 /* Build configuration list for PBXNativeTarget "Curre" */;
			buildPhases = (
				C8C6167C29F6FB33002C5000 /* Sources */,
				C8C6167D29F6FB33002C5000 /* Frameworks */,
				C8C6167E29F6FB33002C5000 /* Resources */,
			);
			buildRules = (
			);
			dependencies = (
			);
			name = Curre;
			productName = Curre;
			productReference = C8C6168029F6FB33002C5000 /* Curre.app */;
			productType = "com.apple.product-type.application";
		};
/* End PBXNativeTarget section */

/* Begin PBXProject section */
		C8C6167829F6FB33002C5000 /* Project object */ = {
			isa = PBXProject;
			attributes = {
				BuildIndependentTargetsInParallel = 1;
				LastSwiftUpdateCheck = 1420;
				LastUpgradeCheck = 1420;
				TargetAttributes = {
					C8C6167F29F6FB33002C5000 = {
						CreatedOnToolsVersion = 14.2;
					};
				};
			};
			buildConfigurationList = C8C6167B29F6FB33002C5000 /* Build configuration list for PBXProject "Curre" */;
			compatibilityVersion = "Xcode 14.0";
			developmentRegion = en;
			hasScannedForEncodings = 0;
			knownRegions = (
				en,
				Base,
			);
			mainGroup = C8C6167729F6FB33002C5000;
			productRefGroup = C8C6168129F6FB33002C5000 /* Products */;
			projectDirPath = "";
			projectRoot = "";
			targets = (
				C8C6167F29F6FB33002C5000 /* Curre */,
			);
		};
/* End PBXProject section */

/* Begin PBXResourcesBuildPhase section */
		C8C6167E29F6FB33002C5000 /* Resources */ = {
			isa = PBXResourcesBuildPhase;
			buildActionMask = 2147483647;
			files = (
				C8C6169329F6FB34002C5000 /* LaunchScreen.storyboard in Resources */,
				C8C6169029F6FB34002C5000 /* Assets.xcassets in Resources */,
				C8C6168B29F6FB33002C5000 /* Main.storyboard in Resources */,
			);
			runOnlyForDeploymentPostprocessing = 0;
		};
/* End PBXResourcesBuildPhase section */

/* Begin PBXSourcesBuildPhase section */
		C8C6167C29F6FB33002C5000 /* Sources */ = {
			isa = PBXSourcesBuildPhase;
			buildActionMask = 2147483647;
			files = (
				3F0467D529F998850045A2DB /* Item1.swift in Sources */,
				C8C6168829F6FB33002C5000 /* ViewController.swift in Sources */,
				C8C6168429F6FB33002C5000 /* AppDelegate.swift in Sources */,
				3FD7334929FC80BD00285FB3 /* WorkoutTableViewCell.swift in Sources */,
				C8C6168629F6FB33002C5000 /* SceneDelegate.swift in Sources */,
				3FD7334729F99E3900285FB3 /* WorkoutTable.swift in Sources */,
				14B80CA32A0C081F000EA8BA /* mapViewController.swift in Sources */,
				14377D4F29F84B50006904C2 /* Workout.swift in Sources */,
				C8C6168E29F6FB33002C5000 /* Curre.xcdatamodeld in Sources */,
			);
			runOnlyForDeploymentPostprocessing = 0;
		};
/* End PBXSourcesBuildPhase section */

/* Begin PBXVariantGroup section */
		C8C6168929F6FB33002C5000 /* Main.storyboard */ = {
			isa = PBXVariantGroup;
			children = (
				C8C6168A29F6FB33002C5000 /* Base */,
			);
			name = Main.storyboard;
			sourceTree = "<group>";
		};
		C8C6169129F6FB34002C5000 /* LaunchScreen.storyboard */ = {
			isa = PBXVariantGroup;
			children = (
				C8C6169229F6FB34002C5000 /* Base */,
			);
			name = LaunchScreen.storyboard;
			sourceTree = "<group>";
		};
/* End PBXVariantGroup section */

/* Begin XCBuildConfiguration section */
		C8C6169529F6FB34002C5000 /* Debug */ = {
			isa = XCBuildConfiguration;
			buildSettings = {
				ALWAYS_SEARCH_USER_PATHS = NO;
				CLANG_ANALYZER_NONNULL = YES;
				CLANG_ANALYZER_NUMBER_OBJECT_CONVERSION = YES_AGGRESSIVE;
				CLANG_CXX_LANGUAGE_STANDARD = "gnu++20";
				CLANG_ENABLE_MODULES = YES;
				CLANG_ENABLE_OBJC_ARC = YES;
				CLANG_ENABLE_OBJC_WEAK = YES;
				CLANG_WARN_BLOCK_CAPTURE_AUTORELEASING = YES;
				CLANG_WARN_BOOL_CONVERSION = YES;
				CLANG_WARN_COMMA = YES;
				CLANG_WARN_CONSTANT_CONVERSION = YES;
				CLANG_WARN_DEPRECATED_OBJC_IMPLEMENTATIONS = YES;
				CLANG_WARN_DIRECT_OBJC_ISA_USAGE = YES_ERROR;
				CLANG_WARN_DOCUMENTATION_COMMENTS = YES;
				CLANG_WARN_EMPTY_BODY = YES;
				CLANG_WARN_ENUM_CONVERSION = YES;
				CLANG_WARN_INFINITE_RECURSION = YES;
				CLANG_WARN_INT_CONVERSION = YES;
				CLANG_WARN_NON_LITERAL_NULL_CONVERSION = YES;
				CLANG_WARN_OBJC_IMPLICIT_RETAIN_SELF = YES;
				CLANG_WARN_OBJC_LITERAL_CONVERSION = YES;
				CLANG_WARN_OBJC_ROOT_CLASS = YES_ERROR;
				CLANG_WARN_QUOTED_INCLUDE_IN_FRAMEWORK_HEADER = YES;
				CLANG_WARN_RANGE_LOOP_ANALYSIS = YES;
				CLANG_WARN_STRICT_PROTOTYPES = YES;
				CLANG_WARN_SUSPICIOUS_MOVE = YES;
				CLANG_WARN_UNGUARDED_AVAILABILITY = YES_AGGRESSIVE;
				CLANG_WARN_UNREACHABLE_CODE = YES;
				CLANG_WARN__DUPLICATE_METHOD_MATCH = YES;
				COPY_PHASE_STRIP = NO;
				DEBUG_INFORMATION_FORMAT = dwarf;
				ENABLE_STRICT_OBJC_MSGSEND = YES;
				ENABLE_TESTABILITY = YES;
				GCC_C_LANGUAGE_STANDARD = gnu11;
				GCC_DYNAMIC_NO_PIC = NO;
				GCC_NO_COMMON_BLOCKS = YES;
				GCC_OPTIMIZATION_LEVEL = 0;
				GCC_PREPROCESSOR_DEFINITIONS = (
					"DEBUG=1",
					"$(inherited)",
				);
				GCC_WARN_64_TO_32_BIT_CONVERSION = YES;
				GCC_WARN_ABOUT_RETURN_TYPE = YES_ERROR;
				GCC_WARN_UNDECLARED_SELECTOR = YES;
				GCC_WARN_UNINITIALIZED_AUTOS = YES_AGGRESSIVE;
				GCC_WARN_UNUSED_FUNCTION = YES;
				GCC_WARN_UNUSED_VARIABLE = YES;
				IPHONEOS_DEPLOYMENT_TARGET = 16.2;
				MTL_ENABLE_DEBUG_INFO = INCLUDE_SOURCE;
				MTL_FAST_MATH = YES;
				ONLY_ACTIVE_ARCH = YES;
				SDKROOT = iphoneos;
				SWIFT_ACTIVE_COMPILATION_CONDITIONS = DEBUG;
				SWIFT_OPTIMIZATION_LEVEL = "-Onone";
			};
			name = Debug;
		};
		C8C6169629F6FB34002C5000 /* Release */ = {
			isa = XCBuildConfiguration;
			buildSettings = {
				ALWAYS_SEARCH_USER_PATHS = NO;
				CLANG_ANALYZER_NONNULL = YES;
				CLANG_ANALYZER_NUMBER_OBJECT_CONVERSION = YES_AGGRESSIVE;
				CLANG_CXX_LANGUAGE_STANDARD = "gnu++20";
				CLANG_ENABLE_MODULES = YES;
				CLANG_ENABLE_OBJC_ARC = YES;
				CLANG_ENABLE_OBJC_WEAK = YES;
				CLANG_WARN_BLOCK_CAPTURE_AUTORELEASING = YES;
				CLANG_WARN_BOOL_CONVERSION = YES;
				CLANG_WARN_COMMA = YES;
				CLANG_WARN_CONSTANT_CONVERSION = YES;
				CLANG_WARN_DEPRECATED_OBJC_IMPLEMENTATIONS = YES;
				CLANG_WARN_DIRECT_OBJC_ISA_USAGE = YES_ERROR;
				CLANG_WARN_DOCUMENTATION_COMMENTS = YES;
				CLANG_WARN_EMPTY_BODY = YES;
				CLANG_WARN_ENUM_CONVERSION = YES;
				CLANG_WARN_INFINITE_RECURSION = YES;
				CLANG_WARN_INT_CONVERSION = YES;
				CLANG_WARN_NON_LITERAL_NULL_CONVERSION = YES;
				CLANG_WARN_OBJC_IMPLICIT_RETAIN_SELF = YES;
				CLANG_WARN_OBJC_LITERAL_CONVERSION = YES;
				CLANG_WARN_OBJC_ROOT_CLASS = YES_ERROR;
				CLANG_WARN_QUOTED_INCLUDE_IN_FRAMEWORK_HEADER = YES;
				CLANG_WARN_RANGE_LOOP_ANALYSIS = YES;
				CLANG_WARN_STRICT_PROTOTYPES = YES;
				CLANG_WARN_SUSPICIOUS_MOVE = YES;
				CLANG_WARN_UNGUARDED_AVAILABILITY = YES_AGGRESSIVE;
				CLANG_WARN_UNREACHABLE_CODE = YES;
				CLANG_WARN__DUPLICATE_METHOD_MATCH = YES;
				COPY_PHASE_STRIP = NO;
				DEBUG_INFORMATION_FORMAT = "dwarf-with-dsym";
				ENABLE_NS_ASSERTIONS = NO;
				ENABLE_STRICT_OBJC_MSGSEND = YES;
				GCC_C_LANGUAGE_STANDARD = gnu11;
				GCC_NO_COMMON_BLOCKS = YES;
				GCC_WARN_64_TO_32_BIT_CONVERSION = YES;
				GCC_WARN_ABOUT_RETURN_TYPE = YES_ERROR;
				GCC_WARN_UNDECLARED_SELECTOR = YES;
				GCC_WARN_UNINITIALIZED_AUTOS = YES_AGGRESSIVE;
				GCC_WARN_UNUSED_FUNCTION = YES;
				GCC_WARN_UNUSED_VARIABLE = YES;
				IPHONEOS_DEPLOYMENT_TARGET = 16.2;
				MTL_ENABLE_DEBUG_INFO = NO;
				MTL_FAST_MATH = YES;
				SDKROOT = iphoneos;
				SWIFT_COMPILATION_MODE = wholemodule;
				SWIFT_OPTIMIZATION_LEVEL = "-O";
				VALIDATE_PRODUCT = YES;
			};
			name = Release;
		};
		C8C6169829F6FB34002C5000 /* Debug */ = {
			isa = XCBuildConfiguration;
			buildSettings = {
				ASSETCATALOG_COMPILER_APPICON_NAME = AppIcon;
				ASSETCATALOG_COMPILER_GLOBAL_ACCENT_COLOR_NAME = AccentColor;
				CODE_SIGN_STYLE = Automatic;
				CURRENT_PROJECT_VERSION = 1;
				GENERATE_INFOPLIST_FILE = YES;
				INFOPLIST_FILE = Curre/Info.plist;
				INFOPLIST_KEY_UIApplicationSupportsIndirectInputEvents = YES;
				INFOPLIST_KEY_UILaunchStoryboardName = LaunchScreen;
				INFOPLIST_KEY_UIMainStoryboardFile = Main;
				INFOPLIST_KEY_UISupportedInterfaceOrientations_iPad = "UIInterfaceOrientationPortrait UIInterfaceOrientationPortraitUpsideDown UIInterfaceOrientationLandscapeLeft UIInterfaceOrientationLandscapeRight";
				INFOPLIST_KEY_UISupportedInterfaceOrientations_iPhone = "UIInterfaceOrientationPortrait UIInterfaceOrientationLandscapeLeft UIInterfaceOrientationLandscapeRight";
				IPHONEOS_DEPLOYMENT_TARGET = 13.5;
				LD_RUNPATH_SEARCH_PATHS = (
					"$(inherited)",
					"@executable_path/Frameworks",
				);
				MARKETING_VERSION = 1.0;
				PRODUCT_BUNDLE_IDENTIFIER = com.jonesclass.eichner.Curre;
				PRODUCT_NAME = "$(TARGET_NAME)";
				SWIFT_EMIT_LOC_STRINGS = YES;
				SWIFT_VERSION = 5.0;
				TARGETED_DEVICE_FAMILY = "1,2";
			};
			name = Debug;
		};
		C8C6169929F6FB34002C5000 /* Release */ = {
			isa = XCBuildConfiguration;
			buildSettings = {
				ASSETCATALOG_COMPILER_APPICON_NAME = AppIcon;
				ASSETCATALOG_COMPILER_GLOBAL_ACCENT_COLOR_NAME = AccentColor;
				CODE_SIGN_STYLE = Automatic;
				CURRENT_PROJECT_VERSION = 1;
				GENERATE_INFOPLIST_FILE = YES;
				INFOPLIST_FILE = Curre/Info.plist;
				INFOPLIST_KEY_UIApplicationSupportsIndirectInputEvents = YES;
				INFOPLIST_KEY_UILaunchStoryboardName = LaunchScreen;
				INFOPLIST_KEY_UIMainStoryboardFile = Main;
				INFOPLIST_KEY_UISupportedInterfaceOrientations_iPad = "UIInterfaceOrientationPortrait UIInterfaceOrientationPortraitUpsideDown UIInterfaceOrientationLandscapeLeft UIInterfaceOrientationLandscapeRight";
				INFOPLIST_KEY_UISupportedInterfaceOrientations_iPhone = "UIInterfaceOrientationPortrait UIInterfaceOrientationLandscapeLeft UIInterfaceOrientationLandscapeRight";
				IPHONEOS_DEPLOYMENT_TARGET = 13.5;
				LD_RUNPATH_SEARCH_PATHS = (
					"$(inherited)",
					"@executable_path/Frameworks",
				);
				MARKETING_VERSION = 1.0;
				PRODUCT_BUNDLE_IDENTIFIER = com.jonesclass.eichner.Curre;
				PRODUCT_NAME = "$(TARGET_NAME)";
				SWIFT_EMIT_LOC_STRINGS = YES;
				SWIFT_VERSION = 5.0;
				TARGETED_DEVICE_FAMILY = "1,2";
			};
			name = Release;
		};
/* End XCBuildConfiguration section */

/* Begin XCConfigurationList section */
		C8C6167B29F6FB33002C5000 /* Build configuration list for PBXProject "Curre" */ = {
			isa = XCConfigurationList;
			buildConfigurations = (
				C8C6169529F6FB34002C5000 /* Debug */,
				C8C6169629F6FB34002C5000 /* Release */,
			);
			defaultConfigurationIsVisible = 0;
			defaultConfigurationName = Release;
		};
		C8C6169729F6FB34002C5000 /* Build configuration list for PBXNativeTarget "Curre" */ = {
			isa = XCConfigurationList;
			buildConfigurations = (
				C8C6169829F6FB34002C5000 /* Debug */,
				C8C6169929F6FB34002C5000 /* Release */,
			);
			defaultConfigurationIsVisible = 0;
			defaultConfigurationName = Release;
		};
/* End XCConfigurationList section */

/* Begin XCVersionGroup section */
		C8C6168C29F6FB33002C5000 /* Curre.xcdatamodeld */ = {
			isa = XCVersionGroup;
			children = (
				C8C6168D29F6FB33002C5000 /* Curre.xcdatamodel */,
			);
			currentVersion = C8C6168D29F6FB33002C5000 /* Curre.xcdatamodel */;
			path = Curre.xcdatamodeld;
			sourceTree = "<group>";
			versionGroupType = wrapper.xcdatamodel;
		};
/* End XCVersionGroup section */
	};
	rootObject = C8C6167829F6FB33002C5000 /* Project object */;
}
